
Microsoft Visual Studio Solution File, Format Version 12.00
# Visual Studio Version 16
VisualStudioVersion = 16.0.29926.136
MinimumVisualStudioVersion = 10.0.40219.1
Project("{FAE04EC0-301F-11D3-BF4B-00C04F79EFBC}") = "GameBeta", "GameBeta.csproj", "{B4992E5D-2799-4F45-9CC9-8DB67431C78A}"
EndProject
Global
	GlobalSection(SolutionConfigurationPlatforms) = preSolution
		Debug|Any CPU = Debug|Any CPU
		Release|Any CPU = Release|Any CPU
	EndGlobalSection
	GlobalSection(ProjectConfigurationPlatforms) = postSolution
		{B4992E5D-2799-4F45-9CC9-8DB67431C78A}.Debug|Any CPU.ActiveCfg = Debug|Any CPU
		{B4992E5D-2799-4F45-9CC9-8DB67431C78A}.Debug|Any CPU.Build.0 = Debug|Any CPU
		{B4992E5D-2799-4F45-9CC9-8DB67431C78A}.Release|Any CPU.ActiveCfg = Release|Any CPU
		{B4992E5D-2799-4F45-9CC9-8DB67431C78A}.Release|Any CPU.Build.0 = Release|Any CPU
	EndGlobalSection
	GlobalSection(SolutionProperties) = preSolution
		HideSolutionNode = FALSE
	EndGlobalSection
	GlobalSection(ExtensibilityGlobals) = postSolution
		SolutionGuid = {AEF8451E-7829-43C6-B9DA-4C5F36B6B520}
	EndGlobalSection
EndGlobal
